
Microsoft Visual Studio Solution File, Format Version 12.00
# Visual Studio Version 17
VisualStudioVersion = 17.3.32901.215
MinimumVisualStudioVersion = 10.0.40219.1
Project("{FAE04EC0-301F-11D3-BF4B-00C04F79EFBC}") = "Assignment7", "Assignment7\Assignment7.csproj", "{379029AA-F1F2-45D8-954E-D4A924FF5BE0}"
EndProject
Global
	GlobalSection(SolutionConfigurationPlatforms) = preSolution
		Debug|Any CPU = Debug|Any CPU
		Release|Any CPU = Release|Any CPU
	EndGlobalSection
	GlobalSection(ProjectConfigurationPlatforms) = postSolution
		{379029AA-F1F2-45D8-954E-D4A924FF5BE0}.Debug|Any CPU.ActiveCfg = Debug|Any CPU
		{379029AA-F1F2-45D8-954E-D4A924FF5BE0}.Debug|Any CPU.Build.0 = Debug|Any CPU
		{379029AA-F1F2-45D8-954E-D4A924FF5BE0}.Release|Any CPU.ActiveCfg = Release|Any CPU
		{379029AA-F1F2-45D8-954E-D4A924FF5BE0}.Release|Any CPU.Build.0 = Release|Any CPU
	EndGlobalSection
	GlobalSection(SolutionProperties) = preSolution
		HideSolutionNode = FALSE
	EndGlobalSection
	GlobalSection(ExtensibilityGlobals) = postSolution
		SolutionGuid = {DA5408A8-131F-4F78-91D2-EBB126C3ECF3}
	EndGlobalSection
EndGlobal
